
Microsoft Visual Studio Solution File, Format Version 12.00
# Visual Studio Version 16
VisualStudioVersion = 16.0.30406.217
MinimumVisualStudioVersion = 10.0.40219.1
Project("{FAE04EC0-301F-11D3-BF4B-00C04F79EFBC}") = "Presentacion", "Proyecto3Capas\Presentacion.csproj", "{65D99494-D688-4C89-8F6A-9C52FF8217A1}"
EndProject
Project("{FAE04EC0-301F-11D3-BF4B-00C04F79EFBC}") = "Datos", "Datos\Datos.csproj", "{8745FC5D-1E95-41FE-BCEF-6352AE080908}"
EndProject
Project("{FAE04EC0-301F-11D3-BF4B-00C04F79EFBC}") = "Logica", "Logica\Logica.csproj", "{5F90920D-C094-4378-8729-FA2861DB9EE9}"
EndProject
Global
	GlobalSection(SolutionConfigurationPlatforms) = preSolution
		Debug|Any CPU = Debug|Any CPU
		Release|Any CPU = Release|Any CPU
	EndGlobalSection
	GlobalSection(ProjectConfigurationPlatforms) = postSolution
		{65D99494-D688-4C89-8F6A-9C52FF8217A1}.Debug|Any CPU.ActiveCfg = Debug|Any CPU
		{65D99494-D688-4C89-8F6A-9C52FF8217A1}.Debug|Any CPU.Build.0 = Debug|Any CPU
		{65D99494-D688-4C89-8F6A-9C52FF8217A1}.Release|Any CPU.ActiveCfg = Release|Any CPU
		{65D99494-D688-4C89-8F6A-9C52FF8217A1}.Release|Any CPU.Build.0 = Release|Any CPU
		{8745FC5D-1E95-41FE-BCEF-6352AE080908}.Debug|Any CPU.ActiveCfg = Debug|Any CPU
		{8745FC5D-1E95-41FE-BCEF-6352AE080908}.Debug|Any CPU.Build.0 = Debug|Any CPU
		{8745FC5D-1E95-41FE-BCEF-6352AE080908}.Release|Any CPU.ActiveCfg = Release|Any CPU
		{8745FC5D-1E95-41FE-BCEF-6352AE080908}.Release|Any CPU.Build.0 = Release|Any CPU
		{5F90920D-C094-4378-8729-FA2861DB9EE9}.Debug|Any CPU.ActiveCfg = Debug|Any CPU
		{5F90920D-C094-4378-8729-FA2861DB9EE9}.Debug|Any CPU.Build.0 = Debug|Any CPU
		{5F90920D-C094-4378-8729-FA2861DB9EE9}.Release|Any CPU.ActiveCfg = Release|Any CPU
		{5F90920D-C094-4378-8729-FA2861DB9EE9}.Release|Any CPU.Build.0 = Release|Any CPU
	EndGlobalSection
	GlobalSection(SolutionProperties) = preSolution
		HideSolutionNode = FALSE
	EndGlobalSection
	GlobalSection(ExtensibilityGlobals) = postSolution
		SolutionGuid = {A098D23B-8829-4515-9A59-D672B2EAAD59}
	EndGlobalSection
EndGlobal
